// !$*UTF8*$!
{
	archiveVersion = 1;
	classes = {
	};
	objectVersion = 50;
	objects = {

/* Begin PBXBuildFile section */
		3826B05E2289225A007D9E5F /* AppDelegate.swift in Sources */ = {isa = PBXBuildFile; fileRef = 3826B05D2289225A007D9E5F /* AppDelegate.swift */; };
		3826B0602289225A007D9E5F /* GameScene.sks in Resources */ = {isa = PBXBuildFile; fileRef = 3826B05F2289225A007D9E5F /* GameScene.sks */; };
		3826B0622289225A007D9E5F /* Actions.sks in Resources */ = {isa = PBXBuildFile; fileRef = 3826B0612289225A007D9E5F /* Actions.sks */; };
		3826B0642289225A007D9E5F /* GameScene.swift in Sources */ = {isa = PBXBuildFile; fileRef = 3826B0632289225A007D9E5F /* GameScene.swift */; };
		3826B0662289225A007D9E5F /* GameViewController.swift in Sources */ = {isa = PBXBuildFile; fileRef = 3826B0652289225A007D9E5F /* GameViewController.swift */; };
		3826B0692289225A007D9E5F /* Main.storyboard in Resources */ = {isa = PBXBuildFile; fileRef = 3826B0672289225A007D9E5F /* Main.storyboard */; };
		3826B06B2289225B007D9E5F /* Assets.xcassets in Resources */ = {isa = PBXBuildFile; fileRef = 3826B06A2289225B007D9E5F /* Assets.xcassets */; };
		3826B06E2289225B007D9E5F /* LaunchScreen.storyboard in Resources */ = {isa = PBXBuildFile; fileRef = 3826B06C2289225B007D9E5F /* LaunchScreen.storyboard */; };
		3826B0792289225B007D9E5F /* Project_6Tests.swift in Sources */ = {isa = PBXBuildFile; fileRef = 3826B0782289225B007D9E5F /* Project_6Tests.swift */; };
		3826B0842289225B007D9E5F /* Project_6UITests.swift in Sources */ = {isa = PBXBuildFile; fileRef = 3826B0832289225B007D9E5F /* Project_6UITests.swift */; };
/* End PBXBuildFile section */

/* Begin PBXContainerItemProxy section */
		3826B0752289225B007D9E5F /* PBXContainerItemProxy */ = {
			isa = PBXContainerItemProxy;
			containerPortal = 3826B0522289225A007D9E5F /* Project object */;
			proxyType = 1;
			remoteGlobalIDString = 3826B0592289225A007D9E5F;
			remoteInfo = "Project 6";
		};
		3826B0802289225B007D9E5F /* PBXContainerItemProxy */ = {
			isa = PBXContainerItemProxy;
			containerPortal = 3826B0522289225A007D9E5F /* Project object */;
			proxyType = 1;
			remoteGlobalIDString = 3826B0592289225A007D9E5F;
			remoteInfo = "Project 6";
		};
/* End PBXContainerItemProxy section */

/* Begin PBXFileReference section */
		3826B05A2289225A007D9E5F /* Project 6.app */ = {isa = PBXFileReference; explicitFileType = wrapper.application; includeInIndex = 0; path = "Project 6.app"; sourceTree = BUILT_PRODUCTS_DIR; };
		3826B05D2289225A007D9E5F /* AppDelegate.swift */ = {isa = PBXFileReference; lastKnownFileType = sourcecode.swift; path = AppDelegate.swift; sourceTree = "<group>"; };
		3826B05F2289225A007D9E5F /* GameScene.sks */ = {isa = PBXFileReference; lastKnownFileType = file.sks; path = GameScene.sks; sourceTree = "<group>"; };
		3826B0612289225A007D9E5F /* Actions.sks */ = {isa = PBXFileReference; lastKnownFileType = file.sks; path = Actions.sks; sourceTree = "<group>"; };
		3826B0632289225A007D9E5F /* GameScene.swift */ = {isa = PBXFileReference; lastKnownFileType = sourcecode.swift; path = GameScene.swift; sourceTree = "<group>"; };
		3826B0652289225A007D9E5F /* GameViewController.swift */ = {isa = PBXFileReference; lastKnownFileType = sourcecode.swift; path = GameViewController.swift; sourceTree = "<group>"; };
		3826B0682289225A007D9E5F /* Base */ = {isa = PBXFileReference; lastKnownFileType = file.storyboard; name = Base; path = Base.lproj/Main.storyboard; sourceTree = "<group>"; };
		3826B06A2289225B007D9E5F /* Assets.xcassets */ = {isa = PBXFileReference; lastKnownFileType = folder.assetcatalog; path = Assets.xcassets; sourceTree = "<group>"; };
		3826B06D2289225B007D9E5F /* Base */ = {isa = PBXFileReference; lastKnownFileType = file.storyboard; name = Base; path = Base.lproj/LaunchScreen.storyboard; sourceTree = "<group>"; };
		3826B06F2289225B007D9E5F /* Info.plist */ = {isa = PBXFileReference; lastKnownFileType = text.plist.xml; path = Info.plist; sourceTree = "<group>"; };
		3826B0742289225B007D9E5F /* Project 6Tests.xctest */ = {isa = PBXFileReference; explicitFileType = wrapper.cfbundle; includeInIndex = 0; path = "Project 6Tests.xctest"; sourceTree = BUILT_PRODUCTS_DIR; };
		3826B0782289225B007D9E5F /* Project_6Tests.swift */ = {isa = PBXFileReference; lastKnownFileType = sourcecode.swift; path = Project_6Tests.swift; sourceTree = "<group>"; };
		3826B07A2289225B007D9E5F /* Info.plist */ = {isa = PBXFileReference; lastKnownFileType = text.plist.xml; path = Info.plist; sourceTree = "<group>"; };
		3826B07F2289225B007D9E5F /* Project 6UITests.xctest */ = {isa = PBXFileReference; explicitFileType = wrapper.cfbundle; includeInIndex = 0; path = "Project 6UITests.xctest"; sourceTree = BUILT_PRODUCTS_DIR; };
		3826B0832289225B007D9E5F /* Project_6UITests.swift */ = {isa = PBXFileReference; lastKnownFileType = sourcecode.swift; path = Project_6UITests.swift; sourceTree = "<group>"; };
		3826B0852289225B007D9E5F /* Info.plist */ = {isa = PBXFileReference; lastKnownFileType = text.plist.xml; path = Info.plist; sourceTree = "<group>"; };
/* End PBXFileReference section */

/* Begin PBXFrameworksBuildPhase section */
		3826B0572289225A007D9E5F /* Frameworks */ = {
			isa = PBXFrameworksBuildPhase;
			buildActionMask = 2147483647;
			files = (
			);
			runOnlyForDeploymentPostprocessing = 0;
		};
		3826B0712289225B007D9E5F /* Frameworks */ = {
			isa = PBXFrameworksBuildPhase;
			buildActionMask = 2147483647;
			files = (
			);
			runOnlyForDeploymentPostprocessing = 0;
		};
		3826B07C2289225B007D9E5F /* Frameworks */ = {
			isa = PBXFrameworksBuildPhase;
			buildActionMask = 2147483647;
			files = (
			);
			runOnlyForDeploymentPostprocessing = 0;
		};
/* End PBXFrameworksBuildPhase section */

/* Begin PBXGroup section */
		3826B0512289225A007D9E5F = {
			isa = PBXGroup;
			children = (
				3826B05C2289225A007D9E5F /* Project 6 */,
				3826B0772289225B007D9E5F /* Project 6Tests */,
				3826B0822289225B007D9E5F /* Project 6UITests */,
				3826B05B2289225A007D9E5F /* Products */,
			);
			sourceTree = "<group>";
		};
		3826B05B2289225A007D9E5F /* Products */ = {
			isa = PBXGroup;
			children = (
				3826B05A2289225A007D9E5F /* Project 6.app */,
				3826B0742289225B007D9E5F /* Project 6Tests.xctest */,
				3826B07F2289225B007D9E5F /* Project 6UITests.xctest */,
			);
			name = Products;
			sourceTree = "<group>";
		};
		3826B05C2289225A007D9E5F /* Project 6 */ = {
			isa = PBXGroup;
			children = (
				3826B05D2289225A007D9E5F /* AppDelegate.swift */,
				3826B05F2289225A007D9E5F /* GameScene.sks */,
				3826B0612289225A007D9E5F /* Actions.sks */,
				3826B0632289225A007D9E5F /* GameScene.swift */,
				3826B0652289225A007D9E5F /* GameViewController.swift */,
				3826B0672289225A007D9E5F /* Main.storyboard */,
				3826B06A2289225B007D9E5F /* Assets.xcassets */,
				3826B06C2289225B007D9E5F /* LaunchScreen.storyboard */,
				3826B06F2289225B007D9E5F /* Info.plist */,
			);
			path = "Project 6";
			sourceTree = "<group>";
		};
		3826B0772289225B007D9E5F /* Project 6Tests */ = {
			isa = PBXGroup;
			children = (
				3826B0782289225B007D9E5F /* Project_6Tests.swift */,
				3826B07A2289225B007D9E5F /* Info.plist */,
			);
			path = "Project 6Tests";
			sourceTree = "<group>";
		};
		3826B0822289225B007D9E5F /* Project 6UITests */ = {
			isa = PBXGroup;
			children = (
				3826B0832289225B007D9E5F /* Project_6UITests.swift */,
				3826B0852289225B007D9E5F /* Info.plist */,
			);
			path = "Project 6UITests";
			sourceTree = "<group>";
		};
/* End PBXGroup section */

/* Begin PBXNativeTarget section */
		3826B0592289225A007D9E5F /* Project 6 */ = {
			isa = PBXNativeTarget;
			buildConfigurationList = 3826B0882289225B007D9E5F /* Build configuration list for PBXNativeTarget "Project 6" */;
			buildPhases = (
				3826B0562289225A007D9E5F /* Sources */,
				3826B0572289225A007D9E5F /* Frameworks */,
				3826B0582289225A007D9E5F /* Resources */,
			);
			buildRules = (
			);
			dependencies = (
			);
			name = "Project 6";
			productName = "Project 6";
			productReference = 3826B05A2289225A007D9E5F /* Project 6.app */;
			productType = "com.apple.product-type.application";
		};
		3826B0732289225B007D9E5F /* Project 6Tests */ = {
			isa = PBXNativeTarget;
			buildConfigurationList = 3826B08B2289225B007D9E5F /* Build configuration list for PBXNativeTarget "Project 6Tests" */;
			buildPhases = (
				3826B0702289225B007D9E5F /* Sources */,
				3826B0712289225B007D9E5F /* Frameworks */,
				3826B0722289225B007D9E5F /* Resources */,
			);
			buildRules = (
			);
			dependencies = (
				3826B0762289225B007D9E5F /* PBXTargetDependency */,
			);
			name = "Project 6Tests";
			productName = "Project 6Tests";
			productReference = 3826B0742289225B007D9E5F /* Project 6Tests.xctest */;
			productType = "com.apple.product-type.bundle.unit-test";
		};
		3826B07E2289225B007D9E5F /* Project 6UITests */ = {
			isa = PBXNativeTarget;
			buildConfigurationList = 3826B08E2289225B007D9E5F /* Build configuration list for PBXNativeTarget "Project 6UITests" */;
			buildPhases = (
				3826B07B2289225B007D9E5F /* Sources */,
				3826B07C2289225B007D9E5F /* Frameworks */,
				3826B07D2289225B007D9E5F /* Resources */,
			);
			buildRules = (
			);
			dependencies = (
				3826B0812289225B007D9E5F /* PBXTargetDependency */,
			);
			name = "Project 6UITests";
			productName = "Project 6UITests";
			productReference = 3826B07F2289225B007D9E5F /* Project 6UITests.xctest */;
			productType = "com.apple.product-type.bundle.ui-testing";
		};
/* End PBXNativeTarget section */

/* Begin PBXProject section */
		3826B0522289225A007D9E5F /* Project object */ = {
			isa = PBXProject;
			attributes = {
				LastSwiftUpdateCheck = 1010;
				LastUpgradeCheck = 1010;
				ORGANIZATIONNAME = "Ori Karudo";
				TargetAttributes = {
					3826B0592289225A007D9E5F = {
						CreatedOnToolsVersion = 10.1;
					};
					3826B0732289225B007D9E5F = {
						CreatedOnToolsVersion = 10.1;
						TestTargetID = 3826B0592289225A007D9E5F;
					};
					3826B07E2289225B007D9E5F = {
						CreatedOnToolsVersion = 10.1;
						TestTargetID = 3826B0592289225A007D9E5F;
					};
				};
			};
			buildConfigurationList = 3826B0552289225A007D9E5F /* Build configuration list for PBXProject "Project 6" */;
			compatibilityVersion = "Xcode 9.3";
			developmentRegion = en;
			hasScannedForEncodings = 0;
			knownRegions = (
				en,
				Base,
			);
			mainGroup = 3826B0512289225A007D9E5F;
			productRefGroup = 3826B05B2289225A007D9E5F /* Products */;
			projectDirPath = "";
			projectRoot = "";
			targets = (
				3826B0592289225A007D9E5F /* Project 6 */,
				3826B0732289225B007D9E5F /* Project 6Tests */,
				3826B07E2289225B007D9E5F /* Project 6UITests */,
			);
		};
/* End PBXProject section */

/* Begin PBXResourcesBuildPhase section */
		3826B0582289225A007D9E5F /* Resources */ = {
			isa = PBXResourcesBuildPhase;
			buildActionMask = 2147483647;
			files = (
				3826B0692289225A007D9E5F /* Main.storyboard in Resources */,
				3826B0602289225A007D9E5F /* GameScene.sks in Resources */,
				3826B06B2289225B007D9E5F /* Assets.xcassets in Resources */,
				3826B06E2289225B007D9E5F /* LaunchScreen.storyboard in Resources */,
				3826B0622289225A007D9E5F /* Actions.sks in Resources */,
			);
			runOnlyForDeploymentPostprocessing = 0;
		};
		3826B0722289225B007D9E5F /* Resources */ = {
			isa = PBXResourcesBuildPhase;
			buildActionMask = 2147483647;
			files = (
			);
			runOnlyForDeploymentPostprocessing = 0;
		};
		3826B07D2289225B007D9E5F /* Resources */ = {
			isa = PBXResourcesBuildPhase;
			buildActionMask = 2147483647;
			files = (
			);
			runOnlyForDeploymentPostprocessing = 0;
		};
/* End PBXResourcesBuildPhase section */

/* Begin PBXSourcesBuildPhase section */
		3826B0562289225A007D9E5F /* Sources */ = {
			isa = PBXSourcesBuildPhase;
			buildActionMask = 2147483647;
			files = (
				3826B0642289225A007D9E5F /* GameScene.swift in Sources */,
				3826B0662289225A007D9E5F /* GameViewController.swift in Sources */,
				3826B05E2289225A007D9E5F /* AppDelegate.swift in Sources */,
			);
			runOnlyForDeploymentPostprocessing = 0;
		};
		3826B0702289225B007D9E5F /* Sources */ = {
			isa = PBXSourcesBuildPhase;
			buildActionMask = 2147483647;
			files = (
				3826B0792289225B007D9E5F /* Project_6Tests.swift in Sources */,
			);
			runOnlyForDeploymentPostprocessing = 0;
		};
		3826B07B2289225B007D9E5F /* Sources */ = {
			isa = PBXSourcesBuildPhase;
			buildActionMask = 2147483647;
			files = (
				3826B0842289225B007D9E5F /* Project_6UITests.swift in Sources */,
			);
			runOnlyForDeploymentPostprocessing = 0;
		};
/* End PBXSourcesBuildPhase section */

/* Begin PBXTargetDependency section */
		3826B0762289225B007D9E5F /* PBXTargetDependency */ = {
			isa = PBXTargetDependency;
			target = 3826B0592289225A007D9E5F /* Project 6 */;
			targetProxy = 3826B0752289225B007D9E5F /* PBXContainerItemProxy */;
		};
		3826B0812289225B007D9E5F /* PBXTargetDependency */ = {
			isa = PBXTargetDependency;
			target = 3826B0592289225A007D9E5F /* Project 6 */;
			targetProxy = 3826B0802289225B007D9E5F /* PBXContainerItemProxy */;
		};
/* End PBXTargetDependency section */

/* Begin PBXVariantGroup section */
		3826B0672289225A007D9E5F /* Main.storyboard */ = {
			isa = PBXVariantGroup;
			children = (
				3826B0682289225A007D9E5F /* Base */,
			);
			name = Main.storyboard;
			sourceTree = "<group>";
		};
		3826B06C2289225B007D9E5F /* LaunchScreen.storyboard */ = {
			isa = PBXVariantGroup;
			children = (
				3826B06D2289225B007D9E5F /* Base */,
			);
			name = LaunchScreen.storyboard;
			sourceTree = "<group>";
		};
/* End PBXVariantGroup section */

/* Begin XCBuildConfiguration section */
		3826B0862289225B007D9E5F /* Debug */ = {
			isa = XCBuildConfiguration;
			buildSettings = {
				ALWAYS_SEARCH_USER_PATHS = NO;
				CLANG_ANALYZER_NONNULL = YES;
				CLANG_ANALYZER_NUMBER_OBJECT_CONVERSION = YES_AGGRESSIVE;
				CLANG_CXX_LANGUAGE_STANDARD = "gnu++14";
				CLANG_CXX_LIBRARY = "libc++";
				CLANG_ENABLE_MODULES = YES;
				CLANG_ENABLE_OBJC_ARC = YES;
				CLANG_ENABLE_OBJC_WEAK = YES;
				CLANG_WARN_BLOCK_CAPTURE_AUTORELEASING = YES;
				CLANG_WARN_BOOL_CONVERSION = YES;
				CLANG_WARN_COMMA = YES;
				CLANG_WARN_CONSTANT_CONVERSION = YES;
				CLANG_WARN_DEPRECATED_OBJC_IMPLEMENTATIONS = YES;
				CLANG_WARN_DIRECT_OBJC_ISA_USAGE = YES_ERROR;
				CLANG_WARN_DOCUMENTATION_COMMENTS = YES;
				CLANG_WARN_EMPTY_BODY = YES;
				CLANG_WARN_ENUM_CONVERSION = YES;
				CLANG_WARN_INFINITE_RECURSION = YES;
				CLANG_WARN_INT_CONVERSION = YES;
				CLANG_WARN_NON_LITERAL_NULL_CONVERSION = YES;
				CLANG_WARN_OBJC_IMPLICIT_RETAIN_SELF = YES;
				CLANG_WARN_OBJC_LITERAL_CONVERSION = YES;
				CLANG_WARN_OBJC_ROOT_CLASS = YES_ERROR;
				CLANG_WARN_RANGE_LOOP_ANALYSIS = YES;
				CLANG_WARN_STRICT_PROTOTYPES = YES;
				CLANG_WARN_SUSPICIOUS_MOVE = YES;
				CLANG_WARN_UNGUARDED_AVAILABILITY = YES_AGGRESSIVE;
				CLANG_WARN_UNREACHABLE_CODE = YES;
				CLANG_WARN__DUPLICATE_METHOD_MATCH = YES;
				CODE_SIGN_IDENTITY = "iPhone Developer";
				COPY_PHASE_STRIP = NO;
				DEBUG_INFORMATION_FORMAT = dwarf;
				ENABLE_STRICT_OBJC_MSGSEND = YES;
				ENABLE_TESTABILITY = YES;
				GCC_C_LANGUAGE_STANDARD = gnu11;
				GCC_DYNAMIC_NO_PIC = NO;
				GCC_NO_COMMON_BLOCKS = YES;
				GCC_OPTIMIZATION_LEVEL = 0;
				GCC_PREPROCESSOR_DEFINITIONS = (
					"DEBUG=1",
					"$(inherited)",
				);
				GCC_WARN_64_TO_32_BIT_CONVERSION = YES;
				GCC_WARN_ABOUT_RETURN_TYPE = YES_ERROR;
				GCC_WARN_UNDECLARED_SELECTOR = YES;
				GCC_WARN_UNINITIALIZED_AUTOS = YES_AGGRESSIVE;
				GCC_WARN_UNUSED_FUNCTION = YES;
				GCC_WARN_UNUSED_VARIABLE = YES;
				IPHONEOS_DEPLOYMENT_TARGET = 12.1;
				MTL_ENABLE_DEBUG_INFO = INCLUDE_SOURCE;
				MTL_FAST_MATH = YES;
				ONLY_ACTIVE_ARCH = YES;
				SDKROOT = iphoneos;
				SWIFT_ACTIVE_COMPILATION_CONDITIONS = DEBUG;
				SWIFT_OPTIMIZATION_LEVEL = "-Onone";
			};
			name = Debug;
		};
		3826B0872289225B007D9E5F /* Release */ = {
			isa = XCBuildConfiguration;
			buildSettings = {
				ALWAYS_SEARCH_USER_PATHS = NO;
				CLANG_ANALYZER_NONNULL = YES;
				CLANG_ANALYZER_NUMBER_OBJECT_CONVERSION = YES_AGGRESSIVE;
				CLANG_CXX_LANGUAGE_STANDARD = "gnu++14";
				CLANG_CXX_LIBRARY = "libc++";
				CLANG_ENABLE_MODULES = YES;
				CLANG_ENABLE_OBJC_ARC = YES;
				CLANG_ENABLE_OBJC_WEAK = YES;
				CLANG_WARN_BLOCK_CAPTURE_AUTORELEASING = YES;
				CLANG_WARN_BOOL_CONVERSION = YES;
				CLANG_WARN_COMMA = YES;
				CLANG_WARN_CONSTANT_CONVERSION = YES;
				CLANG_WARN_DEPRECATED_OBJC_IMPLEMENTATIONS = YES;
				CLANG_WARN_DIRECT_OBJC_ISA_USAGE = YES_ERROR;
				CLANG_WARN_DOCUMENTATION_COMMENTS = YES;
				CLANG_WARN_EMPTY_BODY = YES;
				CLANG_WARN_ENUM_CONVERSION = YES;
				CLANG_WARN_INFINITE_RECURSION = YES;
				CLANG_WARN_INT_CONVERSION = YES;
				CLANG_WARN_NON_LITERAL_NULL_CONVERSION = YES;
				CLANG_WARN_OBJC_IMPLICIT_RETAIN_SELF = YES;
				CLANG_WARN_OBJC_LITERAL_CONVERSION = YES;
				CLANG_WARN_OBJC_ROOT_CLASS = YES_ERROR;
				CLANG_WARN_RANGE_LOOP_ANALYSIS = YES;
				CLANG_WARN_STRICT_PROTOTYPES = YES;
				CLANG_WARN_SUSPICIOUS_MOVE = YES;
				CLANG_WARN_UNGUARDED_AVAILABILITY = YES_AGGRESSIVE;
				CLANG_WARN_UNREACHABLE_CODE = YES;
				CLANG_WARN__DUPLICATE_METHOD_MATCH = YES;
				CODE_SIGN_IDENTITY = "iPhone Developer";
				COPY_PHASE_STRIP = NO;
				DEBUG_INFORMATION_FORMAT = "dwarf-with-dsym";
				ENABLE_NS_ASSERTIONS = NO;
				ENABLE_STRICT_OBJC_MSGSEND = YES;
				GCC_C_LANGUAGE_STANDARD = gnu11;
				GCC_NO_COMMON_BLOCKS = YES;
				GCC_WARN_64_TO_32_BIT_CONVERSION = YES;
				GCC_WARN_ABOUT_RETURN_TYPE = YES_ERROR;
				GCC_WARN_UNDECLARED_SELECTOR = YES;
				GCC_WARN_UNINITIALIZED_AUTOS = YES_AGGRESSIVE;
				GCC_WARN_UNUSED_FUNCTION = YES;
				GCC_WARN_UNUSED_VARIABLE = YES;
				IPHONEOS_DEPLOYMENT_TARGET = 12.1;
				MTL_ENABLE_DEBUG_INFO = NO;
				MTL_FAST_MATH = YES;
				SDKROOT = iphoneos;
				SWIFT_COMPILATION_MODE = wholemodule;
				SWIFT_OPTIMIZATION_LEVEL = "-O";
				VALIDATE_PRODUCT = YES;
			};
			name = Release;
		};
		3826B0892289225B007D9E5F /* Debug */ = {
			isa = XCBuildConfiguration;
			buildSettings = {
				ASSETCATALOG_COMPILER_APPICON_NAME = AppIcon;
				CODE_SIGN_STYLE = Automatic;
				INFOPLIST_FILE = "Project 6/Info.plist";
				LD_RUNPATH_SEARCH_PATHS = (
					"$(inherited)",
					"@executable_path/Frameworks",
				);
				PRODUCT_BUNDLE_IDENTIFIER = "OxGames.Project-6";
				PRODUCT_NAME = "$(TARGET_NAME)";
				SWIFT_VERSION = 4.2;
				TARGETED_DEVICE_FAMILY = "1,2";
			};
			name = Debug;
		};
		3826B08A2289225B007D9E5F /* Release */ = {
			isa = XCBuildConfiguration;
			buildSettings = {
				ASSETCATALOG_COMPILER_APPICON_NAME = AppIcon;
				CODE_SIGN_STYLE = Automatic;
				INFOPLIST_FILE = "Project 6/Info.plist";
				LD_RUNPATH_SEARCH_PATHS = (
					"$(inherited)",
					"@executable_path/Frameworks",
				);
				PRODUCT_BUNDLE_IDENTIFIER = "OxGames.Project-6";
				PRODUCT_NAME = "$(TARGET_NAME)";
				SWIFT_VERSION = 4.2;
				TARGETED_DEVICE_FAMILY = "1,2";
			};
			name = Release;
		};
		3826B08C2289225B007D9E5F /* Debug */ = {
			isa = XCBuildConfiguration;
			buildSettings = {
				ALWAYS_EMBED_SWIFT_STANDARD_LIBRARIES = YES;
				BUNDLE_LOADER = "$(TEST_HOST)";
				CODE_SIGN_STYLE = Automatic;
				INFOPLIST_FILE = "Project 6Tests/Info.plist";
				LD_RUNPATH_SEARCH_PATHS = (
					"$(inherited)",
					"@executable_path/Frameworks",
					"@loader_path/Frameworks",
				);
				PRODUCT_BUNDLE_IDENTIFIER = "OxGames.Project-6Tests";
				PRODUCT_NAME = "$(TARGET_NAME)";
				SWIFT_VERSION = 4.2;
				TARGETED_DEVICE_FAMILY = "1,2";
				TEST_HOST = "$(BUILT_PRODUCTS_DIR)/Project 6.app/Project 6";
			};
			name = Debug;
		};
		3826B08D2289225B007D9E5F /* Release */ = {
			isa = XCBuildConfiguration;
			buildSettings = {
				ALWAYS_EMBED_SWIFT_STANDARD_LIBRARIES = YES;
				BUNDLE_LOADER = "$(TEST_HOST)";
				CODE_SIGN_STYLE = Automatic;
				INFOPLIST_FILE = "Project 6Tests/Info.plist";
				LD_RUNPATH_SEARCH_PATHS = (
					"$(inherited)",
					"@executable_path/Frameworks",
					"@loader_path/Frameworks",
				);
				PRODUCT_BUNDLE_IDENTIFIER = "OxGames.Project-6Tests";
				PRODUCT_NAME = "$(TARGET_NAME)";
				SWIFT_VERSION = 4.2;
				TARGETED_DEVICE_FAMILY = "1,2";
				TEST_HOST = "$(BUILT_PRODUCTS_DIR)/Project 6.app/Project 6";
			};
			name = Release;
		};
		3826B08F2289225B007D9E5F /* Debug */ = {
			isa = XCBuildConfiguration;
			buildSettings = {
				ALWAYS_EMBED_SWIFT_STANDARD_LIBRARIES = YES;
				CODE_SIGN_STYLE = Automatic;
				INFOPLIST_FILE = "Project 6UITests/Info.plist";
				LD_RUNPATH_SEARCH_PATHS = (
					"$(inherited)",
					"@executable_path/Frameworks",
					"@loader_path/Frameworks",
				);
				PRODUCT_BUNDLE_IDENTIFIER = "OxGames.Project-6UITests";
				PRODUCT_NAME = "$(TARGET_NAME)";
				SWIFT_VERSION = 4.2;
				TARGETED_DEVICE_FAMILY = "1,2";
				TEST_TARGET_NAME = "Project 6";
			};
			name = Debug;
		};
		3826B0902289225B007D9E5F /* Release */ = {
			isa = XCBuildConfiguration;
			buildSettings = {
				ALWAYS_EMBED_SWIFT_STANDARD_LIBRARIES = YES;
				CODE_SIGN_STYLE = Automatic;
				INFOPLIST_FILE = "Project 6UITests/Info.plist";
				LD_RUNPATH_SEARCH_PATHS = (
					"$(inherited)",
					"@executable_path/Frameworks",
					"@loader_path/Frameworks",
				);
				PRODUCT_BUNDLE_IDENTIFIER = "OxGames.Project-6UITests";
				PRODUCT_NAME = "$(TARGET_NAME)";
				SWIFT_VERSION = 4.2;
				TARGETED_DEVICE_FAMILY = "1,2";
				TEST_TARGET_NAME = "Project 6";
			};
			name = Release;
		};
/* End XCBuildConfiguration section */

/* Begin XCConfigurationList section */
		3826B0552289225A007D9E5F /* Build configuration list for PBXProject "Project 6" */ = {
			isa = XCConfigurationList;
			buildConfigurations = (
				3826B0862289225B007D9E5F /* Debug */,
				3826B0872289225B007D9E5F /* Release */,
			);
			defaultConfigurationIsVisible = 0;
			defaultConfigurationName = Release;
		};
		3826B0882289225B007D9E5F /* Build configuration list for PBXNativeTarget "Project 6" */ = {
			isa = XCConfigurationList;
			buildConfigurations = (
				3826B0892289225B007D9E5F /* Debug */,
				3826B08A2289225B007D9E5F /* Release */,
			);
			defaultConfigurationIsVisible = 0;
			defaultConfigurationName = Release;
		};
		3826B08B2289225B007D9E5F /* Build configuration list for PBXNativeTarget "Project 6Tests" */ = {
			isa = XCConfigurationList;
			buildConfigurations = (
				3826B08C2289225B007D9E5F /* Debug */,
				3826B08D2289225B007D9E5F /* Release */,
			);
			defaultConfigurationIsVisible = 0;
			defaultConfigurationName = Release;
		};
		3826B08E2289225B007D9E5F /* Build configuration list for PBXNativeTarget "Project 6UITests" */ = {
			isa = XCConfigurationList;
			buildConfigurations = (
				3826B08F2289225B007D9E5F /* Debug */,
				3826B0902289225B007D9E5F /* Release */,
			);
			defaultConfigurationIsVisible = 0;
			defaultConfigurationName = Release;
		};
/* End XCConfigurationList section */
	};
	rootObject = 3826B0522289225A007D9E5F /* Project object */;
}
